// !$*UTF8*$!
{
	archiveVersion = 1;
	classes = {
	};
	objectVersion = 46;
	objects = {

/* Begin PBXBuildFile section */
		0127518F16F7B46500A54AED /* SGThirdViewController.m in Sources */ = {isa = PBXBuildFile; fileRef = 0127518E16F7B46500A54AED /* SGThirdViewController.m */; };
		0127E7581713BBFB007BC301 /* SGUploader.m in Sources */ = {isa = PBXBuildFile; fileRef = 0127E7571713BBFB007BC301 /* SGUploader.m */; };
		014745F716FE4104000D83C7 /* MobileCoreServices.framework in Frameworks */ = {isa = PBXBuildFile; fileRef = 014745F616FE4104000D83C7 /* MobileCoreServices.framework */; };
		014CF30F1700DB3A007E8297 /* AFHTTPClient.m in Sources */ = {isa = PBXBuildFile; fileRef = 014CF2FD1700DB3A007E8297 /* AFHTTPClient.m */; };
		014CF3101700DB3A007E8297 /* AFHTTPRequestOperation.m in Sources */ = {isa = PBXBuildFile; fileRef = 014CF2FF1700DB3A007E8297 /* AFHTTPRequestOperation.m */; };
		014CF3111700DB3A007E8297 /* AFImageRequestOperation.m in Sources */ = {isa = PBXBuildFile; fileRef = 014CF3011700DB3A007E8297 /* AFImageRequestOperation.m */; };
		014CF3121700DB3A007E8297 /* AFJSONRequestOperation.m in Sources */ = {isa = PBXBuildFile; fileRef = 014CF3031700DB3A007E8297 /* AFJSONRequestOperation.m */; };
		014CF3131700DB3A007E8297 /* AFNetworkActivityIndicatorManager.m in Sources */ = {isa = PBXBuildFile; fileRef = 014CF3051700DB3A007E8297 /* AFNetworkActivityIndicatorManager.m */; };
		014CF3141700DB3A007E8297 /* AFPropertyListRequestOperation.m in Sources */ = {isa = PBXBuildFile; fileRef = 014CF3081700DB3A007E8297 /* AFPropertyListRequestOperation.m */; };
		014CF3151700DB3A007E8297 /* AFURLConnectionOperation.m in Sources */ = {isa = PBXBuildFile; fileRef = 014CF30A1700DB3A007E8297 /* AFURLConnectionOperation.m */; };
		014CF3161700DB3A007E8297 /* AFXMLRequestOperation.m in Sources */ = {isa = PBXBuildFile; fileRef = 014CF30C1700DB3A007E8297 /* AFXMLRequestOperation.m */; };
		014CF3171700DB3A007E8297 /* UIImageView+AFNetworking.m in Sources */ = {isa = PBXBuildFile; fileRef = 014CF30E1700DB3A007E8297 /* UIImageView+AFNetworking.m */; };
		014CF3191700DB6C007E8297 /* SystemConfiguration.framework in Frameworks */ = {isa = PBXBuildFile; fileRef = 014CF3181700DB6C007E8297 /* SystemConfiguration.framework */; };
		01CAFC0C1703694900EFD520 /* AVFoundation.framework in Frameworks */ = {isa = PBXBuildFile; fileRef = 01CAFC0B1703694900EFD520 /* AVFoundation.framework */; };
		01CAFC0E1703695300EFD520 /* CoreMedia.framework in Frameworks */ = {isa = PBXBuildFile; fileRef = 01CAFC0D1703695300EFD520 /* CoreMedia.framework */; };
		592F304516FE4AD70019CBBE /* SGVideoFrameExtractor.m in Sources */ = {isa = PBXBuildFile; fileRef = 592F304416FE4AD70019CBBE /* SGVideoFrameExtractor.m */; };
		592F304716FE863C0019CBBE /* MediaPlayer.framework in Frameworks */ = {isa = PBXBuildFile; fileRef = 592F304616FE863C0019CBBE /* MediaPlayer.framework */; };
		596F06F317037E0600371B36 /* icon.png in Resources */ = {isa = PBXBuildFile; fileRef = 596F06F117037E0600371B36 /* icon.png */; };
		596F06F417037E0600371B36 /* icon@2x.png in Resources */ = {isa = PBXBuildFile; fileRef = 596F06F217037E0600371B36 /* icon@2x.png */; };
		597AD17D170A343600F278D4 /* SGGifViewController.m in Sources */ = {isa = PBXBuildFile; fileRef = 597AD17C170A343600F278D4 /* SGGifViewController.m */; };
		597AD180170B651A00F278D4 /* Default.png in Resources */ = {isa = PBXBuildFile; fileRef = 597AD17E170B651A00F278D4 /* Default.png */; };
		597AD181170B651A00F278D4 /* Default@2x.png in Resources */ = {isa = PBXBuildFile; fileRef = 597AD17F170B651A00F278D4 /* Default@2x.png */; };
		597AD183170B656900F278D4 /* Default-568h@2x@2x copy.png in Resources */ = {isa = PBXBuildFile; fileRef = 597AD182170B656900F278D4 /* Default-568h@2x@2x copy.png */; };
		597AD186170B661A00F278D4 /* Background.png in Resources */ = {isa = PBXBuildFile; fileRef = 597AD184170B661A00F278D4 /* Background.png */; };
		597AD187170B661A00F278D4 /* Background@2x.png in Resources */ = {isa = PBXBuildFile; fileRef = 597AD185170B661A00F278D4 /* Background@2x.png */; };
		597AD192170B669000F278D4 /* tabbar.png in Resources */ = {isa = PBXBuildFile; fileRef = 597AD18E170B669000F278D4 /* tabbar.png */; };
		597AD193170B669000F278D4 /* tabbar@2x.png in Resources */ = {isa = PBXBuildFile; fileRef = 597AD18F170B669000F278D4 /* tabbar@2x.png */; };
		597AD196170B67FA00F278D4 /* tabbar_selected.png in Resources */ = {isa = PBXBuildFile; fileRef = 597AD194170B67FA00F278D4 /* tabbar_selected.png */; };
		597AD197170B67FA00F278D4 /* tabbar_selected@2x.png in Resources */ = {isa = PBXBuildFile; fileRef = 597AD195170B67FA00F278D4 /* tabbar_selected@2x.png */; };
		597AD1B4170B6C6500F278D4 /* folder_selected@2x.png in Resources */ = {isa = PBXBuildFile; fileRef = 597AD1AC170B6C6100F278D4 /* folder_selected@2x.png */; };
		597AD1B5170B6C6500F278D4 /* folder@2x.png in Resources */ = {isa = PBXBuildFile; fileRef = 597AD1AD170B6C6100F278D4 /* folder@2x.png */; };
		597AD1B6170B6C6500F278D4 /* globe_selected@2x.png in Resources */ = {isa = PBXBuildFile; fileRef = 597AD1AE170B6C6100F278D4 /* globe_selected@2x.png */; };
		597AD1B7170B6C6500F278D4 /* globe@2x.png in Resources */ = {isa = PBXBuildFile; fileRef = 597AD1AF170B6C6100F278D4 /* globe@2x.png */; };
		597AD1B8170B6C6500F278D4 /* settings_selected@2x.png in Resources */ = {isa = PBXBuildFile; fileRef = 597AD1B0170B6C6200F278D4 /* settings_selected@2x.png */; };
		597AD1B9170B6C6500F278D4 /* settings@2x.png in Resources */ = {isa = PBXBuildFile; fileRef = 597AD1B1170B6C6300F278D4 /* settings@2x.png */; };
		597AD1BA170B6C6500F278D4 /* video_selected@2x.png in Resources */ = {isa = PBXBuildFile; fileRef = 597AD1B2170B6C6300F278D4 /* video_selected@2x.png */; };
		597AD1BB170B6C6500F278D4 /* video@2x.png in Resources */ = {isa = PBXBuildFile; fileRef = 597AD1B3170B6C6400F278D4 /* video@2x.png */; };
		597AD1C4170B6DA000F278D4 /* folder_selected.png in Resources */ = {isa = PBXBuildFile; fileRef = 597AD1BC170B6D9F00F278D4 /* folder_selected.png */; };
		597AD1C5170B6DA000F278D4 /* folder.png in Resources */ = {isa = PBXBuildFile; fileRef = 597AD1BD170B6D9F00F278D4 /* folder.png */; };
		597AD1C6170B6DA000F278D4 /* settings_selected.png in Resources */ = {isa = PBXBuildFile; fileRef = 597AD1BE170B6D9F00F278D4 /* settings_selected.png */; };
		597AD1C7170B6DA000F278D4 /* settings.png in Resources */ = {isa = PBXBuildFile; fileRef = 597AD1BF170B6D9F00F278D4 /* settings.png */; };
		597AD1C8170B6DA000F278D4 /* globe_selected.png in Resources */ = {isa = PBXBuildFile; fileRef = 597AD1C0170B6D9F00F278D4 /* globe_selected.png */; };
		597AD1C9170B6DA000F278D4 /* globe.png in Resources */ = {isa = PBXBuildFile; fileRef = 597AD1C1170B6D9F00F278D4 /* globe.png */; };
		597AD1CA170B6DA000F278D4 /* video_selected.png in Resources */ = {isa = PBXBuildFile; fileRef = 597AD1C2170B6D9F00F278D4 /* video_selected.png */; };
		597AD1CB170B6DA000F278D4 /* video.png in Resources */ = {isa = PBXBuildFile; fileRef = 597AD1C3170B6DA000F278D4 /* video.png */; };
		597AD1D2170B894400F278D4 /* record_button.png in Resources */ = {isa = PBXBuildFile; fileRef = 597AD1CC170B893F00F278D4 /* record_button.png */; };
		597AD1D3170B894400F278D4 /* record_button@2x.png in Resources */ = {isa = PBXBuildFile; fileRef = 597AD1CD170B894000F278D4 /* record_button@2x.png */; };
		597AD1D4170B894400F278D4 /* uploadvideo.png in Resources */ = {isa = PBXBuildFile; fileRef = 597AD1CE170B894200F278D4 /* uploadvideo.png */; };
		597AD1D5170B894400F278D4 /* uploadvideo@2x.png in Resources */ = {isa = PBXBuildFile; fileRef = 597AD1CF170B894300F278D4 /* uploadvideo@2x.png */; };
		597AD1D6170B894400F278D4 /* uploadphotos.png in Resources */ = {isa = PBXBuildFile; fileRef = 597AD1D0170B894300F278D4 /* uploadphotos.png */; };
		597AD1D7170B894400F278D4 /* uploadphotos@2x.png in Resources */ = {isa = PBXBuildFile; fileRef = 597AD1D1170B894400F278D4 /* uploadphotos@2x.png */; };
		597AD1D9170B89CE00F278D4 /* Default-568h@2x.png in Resources */ = {isa = PBXBuildFile; fileRef = 597AD1D8170B89CE00F278D4 /* Default-568h@2x.png */; };
		597B1E251715CA9D005E430C /* processing_1.png in Resources */ = {isa = PBXBuildFile; fileRef = 597B1E141715CA9D005E430C /* processing_1.png */; };
		597B1E261715CA9D005E430C /* processing_1@2x.png in Resources */ = {isa = PBXBuildFile; fileRef = 597B1E151715CA9D005E430C /* processing_1@2x.png */; };
		597B1E271715CA9D005E430C /* processing_2.png in Resources */ = {isa = PBXBuildFile; fileRef = 597B1E161715CA9D005E430C /* processing_2.png */; };
		597B1E281715CA9D005E430C /* processing_2@2x.png in Resources */ = {isa = PBXBuildFile; fileRef = 597B1E171715CA9D005E430C /* processing_2@2x.png */; };
		597B1E291715CA9D005E430C /* processing_3.png in Resources */ = {isa = PBXBuildFile; fileRef = 597B1E181715CA9D005E430C /* processing_3.png */; };
		597B1E2A1715CA9D005E430C /* processing_3@2x.png in Resources */ = {isa = PBXBuildFile; fileRef = 597B1E191715CA9D005E430C /* processing_3@2x.png */; };
		597B1E2B1715CA9D005E430C /* processing_4.png in Resources */ = {isa = PBXBuildFile; fileRef = 597B1E1A1715CA9D005E430C /* processing_4.png */; };
		597B1E2C1715CA9D005E430C /* processing_4@2x.png in Resources */ = {isa = PBXBuildFile; fileRef = 597B1E1B1715CA9D005E430C /* processing_4@2x.png */; };
		597B1E2D1715CA9D005E430C /* processing_5.png in Resources */ = {isa = PBXBuildFile; fileRef = 597B1E1C1715CA9D005E430C /* processing_5.png */; };
		597B1E2E1715CA9D005E430C /* processing_5@2x.png in Resources */ = {isa = PBXBuildFile; fileRef = 597B1E1D1715CA9D005E430C /* processing_5@2x.png */; };
		597B1E2F1715CA9D005E430C /* processing_6.png in Resources */ = {isa = PBXBuildFile; fileRef = 597B1E1E1715CA9D005E430C /* processing_6.png */; };
		597B1E301715CA9D005E430C /* processing_6@2x.png in Resources */ = {isa = PBXBuildFile; fileRef = 597B1E1F1715CA9D005E430C /* processing_6@2x.png */; };
		597B1E311715CA9D005E430C /* processing_7.png in Resources */ = {isa = PBXBuildFile; fileRef = 597B1E201715CA9D005E430C /* processing_7.png */; };
		597B1E321715CA9D005E430C /* processing_7@2x.png in Resources */ = {isa = PBXBuildFile; fileRef = 597B1E211715CA9D005E430C /* processing_7@2x.png */; };
		597B1E331715CA9D005E430C /* processing_8.png in Resources */ = {isa = PBXBuildFile; fileRef = 597B1E221715CA9D005E430C /* processing_8.png */; };
		597B1E341715CA9D005E430C /* processing_8@2x.png in Resources */ = {isa = PBXBuildFile; fileRef = 597B1E231715CA9D005E430C /* processing_8@2x.png */; };
		597B1E371715CF54005E430C /* SGProcessingView.m in Sources */ = {isa = PBXBuildFile; fileRef = 597B1E361715CF54005E430C /* SGProcessingView.m */; };
		597B1E4B1716392E005E430C /* eactracting_1.png in Resources */ = {isa = PBXBuildFile; fileRef = 597B1E3A1716392E005E430C /* eactracting_1.png */; };
		597B1E4C1716392E005E430C /* extracting_1@2x.png in Resources */ = {isa = PBXBuildFile; fileRef = 597B1E3B1716392E005E430C /* extracting_1@2x.png */; };
		597B1E4D1716392E005E430C /* extracting_2.png in Resources */ = {isa = PBXBuildFile; fileRef = 597B1E3C1716392E005E430C /* extracting_2.png */; };
		597B1E4E1716392E005E430C /* extracting_2@2x.png in Resources */ = {isa = PBXBuildFile; fileRef = 597B1E3D1716392E005E430C /* extracting_2@2x.png */; };
		597B1E4F1716392E005E430C /* extracting_3.png in Resources */ = {isa = PBXBuildFile; fileRef = 597B1E3E1716392E005E430C /* extracting_3.png */; };
		597B1E501716392E005E430C /* extracting_3@2x.png in Resources */ = {isa = PBXBuildFile; fileRef = 597B1E3F1716392E005E430C /* extracting_3@2x.png */; };
		597B1E511716392E005E430C /* extracting_4.png in Resources */ = {isa = PBXBuildFile; fileRef = 597B1E401716392E005E430C /* extracting_4.png */; };
		597B1E521716392E005E430C /* extracting_4@2x.png in Resources */ = {isa = PBXBuildFile; fileRef = 597B1E411716392E005E430C /* extracting_4@2x.png */; };
		597B1E541716392E005E430C /* uploading_1.png in Resources */ = {isa = PBXBuildFile; fileRef = 597B1E431716392E005E430C /* uploading_1.png */; };
		597B1E551716392E005E430C /* uploading_1@2x.png in Resources */ = {isa = PBXBuildFile; fileRef = 597B1E441716392E005E430C /* uploading_1@2x.png */; };
		597B1E561716392E005E430C /* uploading_2.png in Resources */ = {isa = PBXBuildFile; fileRef = 597B1E451716392E005E430C /* uploading_2.png */; };
		597B1E571716392E005E430C /* uploading_2@2x.png in Resources */ = {isa = PBXBuildFile; fileRef = 597B1E461716392E005E430C /* uploading_2@2x.png */; };
		597B1E581716392E005E430C /* uploading_3.png in Resources */ = {isa = PBXBuildFile; fileRef = 597B1E471716392E005E430C /* uploading_3.png */; };
		597B1E591716392E005E430C /* uploading_3@2x.png in Resources */ = {isa = PBXBuildFile; fileRef = 597B1E481716392E005E430C /* uploading_3@2x.png */; };
		597B1E5A1716392E005E430C /* uploading_4.png in Resources */ = {isa = PBXBuildFile; fileRef = 597B1E491716392E005E430C /* uploading_4.png */; };
		597B1E5B1716392E005E430C /* uploading_4@2x.png in Resources */ = {isa = PBXBuildFile; fileRef = 597B1E4A1716392E005E430C /* uploading_4@2x.png */; };
		597B1E6717166F47005E430C /* array.png in Resources */ = {isa = PBXBuildFile; fileRef = 597B1E5D17166F47005E430C /* array.png */; };
		597B1E6817166F47005E430C /* array@2x.png in Resources */ = {isa = PBXBuildFile; fileRef = 597B1E5E17166F47005E430C /* array@2x.png */; };
		597B1E6917166F47005E430C /* go.png in Resources */ = {isa = PBXBuildFile; fileRef = 597B1E5F17166F47005E430C /* go.png */; };
		597B1E6A17166F47005E430C /* go@2x.png in Resources */ = {isa = PBXBuildFile; fileRef = 597B1E6017166F47005E430C /* go@2x.png */; };
		597B1E6B17166F47005E430C /* text.png in Resources */ = {isa = PBXBuildFile; fileRef = 597B1E6117166F47005E430C /* text.png */; };
		597B1E6C17166F47005E430C /* text@2x.png in Resources */ = {isa = PBXBuildFile; fileRef = 597B1E6217166F47005E430C /* text@2x.png */; };
		597B1E6D17166F47005E430C /* tag.png in Resources */ = {isa = PBXBuildFile; fileRef = 597B1E6317166F47005E430C /* tag.png */; };
		597B1E6E17166F47005E430C /* tag@2x.png in Resources */ = {isa = PBXBuildFile; fileRef = 597B1E6417166F47005E430C /* tag@2x.png */; };
		597B1E6F17166F47005E430C /* cancel.png in Resources */ = {isa = PBXBuildFile; fileRef = 597B1E6517166F47005E430C /* cancel.png */; };
		597B1E7017166F47005E430C /* cancel@2x.png in Resources */ = {isa = PBXBuildFile; fileRef = 597B1E6617166F47005E430C /* cancel@2x.png */; };
		598824FE170E895400046206 /* SGFourthViewController.m in Sources */ = {isa = PBXBuildFile; fileRef = 598824FD170E895400046206 /* SGFourthViewController.m */; };
		59882500171273D600046206 /* AssetsLibrary.framework in Frameworks */ = {isa = PBXBuildFile; fileRef = 598824FF171273D500046206 /* AssetsLibrary.framework */; };
		5988250217127B2800046206 /* MessageUI.framework in Frameworks */ = {isa = PBXBuildFile; fileRef = 5988250117127B2800046206 /* MessageUI.framework */; };
		59CC95AD16F1011600672ED8 /* UIKit.framework in Frameworks */ = {isa = PBXBuildFile; fileRef = 59CC95AC16F1011600672ED8 /* UIKit.framework */; };
		59CC95AF16F1011600672ED8 /* Foundation.framework in Frameworks */ = {isa = PBXBuildFile; fileRef = 59CC95AE16F1011600672ED8 /* Foundation.framework */; };
		59CC95B116F1011600672ED8 /* CoreGraphics.framework in Frameworks */ = {isa = PBXBuildFile; fileRef = 59CC95B016F1011600672ED8 /* CoreGraphics.framework */; };
		59CC95B716F1011600672ED8 /* InfoPlist.strings in Resources */ = {isa = PBXBuildFile; fileRef = 59CC95B516F1011600672ED8 /* InfoPlist.strings */; };
		59CC95B916F1011600672ED8 /* main.m in Sources */ = {isa = PBXBuildFile; fileRef = 59CC95B816F1011600672ED8 /* main.m */; };
		59CC95BD16F1011600672ED8 /* SGAppDelegate.m in Sources */ = {isa = PBXBuildFile; fileRef = 59CC95BC16F1011600672ED8 /* SGAppDelegate.m */; };
		59CC95C616F1011600672ED8 /* MainStoryboard.storyboard in Resources */ = {isa = PBXBuildFile; fileRef = 59CC95C416F1011600672ED8 /* MainStoryboard.storyboard */; };
		59CC95C916F1011600672ED8 /* SGFirstViewController.m in Sources */ = {isa = PBXBuildFile; fileRef = 59CC95C816F1011600672ED8 /* SGFirstViewController.m */; };
		59CC95D016F1011700672ED8 /* SGSecondViewController.m in Sources */ = {isa = PBXBuildFile; fileRef = 59CC95CF16F1011700672ED8 /* SGSecondViewController.m */; };
		59D0D17E1718B098000A14CB /* hyperlink.png in Resources */ = {isa = PBXBuildFile; fileRef = 59D0D1761718B098000A14CB /* hyperlink.png */; };
		59D0D17F1718B098000A14CB /* hyperlink@2x.png in Resources */ = {isa = PBXBuildFile; fileRef = 59D0D1771718B098000A14CB /* hyperlink@2x.png */; };
		59D0D1801718B098000A14CB /* download.png in Resources */ = {isa = PBXBuildFile; fileRef = 59D0D1781718B098000A14CB /* download.png */; };
		59D0D1811718B098000A14CB /* download@2x.png in Resources */ = {isa = PBXBuildFile; fileRef = 59D0D1791718B098000A14CB /* download@2x.png */; };
		59D0D1821718B098000A14CB /* share.png in Resources */ = {isa = PBXBuildFile; fileRef = 59D0D17A1718B098000A14CB /* share.png */; };
		59D0D1831718B098000A14CB /* share@2x.png in Resources */ = {isa = PBXBuildFile; fileRef = 59D0D17B1718B098000A14CB /* share@2x.png */; };
		59D0D1841718B098000A14CB /* home.png in Resources */ = {isa = PBXBuildFile; fileRef = 59D0D17C1718B098000A14CB /* home.png */; };
		59D0D1851718B098000A14CB /* home@2x.png in Resources */ = {isa = PBXBuildFile; fileRef = 59D0D17D1718B098000A14CB /* home@2x.png */; };
		59E5336117138D2500EAE3F8 /* SGFrameEditController.m in Sources */ = {isa = PBXBuildFile; fileRef = 59E5336017138D2500EAE3F8 /* SGFrameEditController.m */; };
		59E533771713A67400EAE3F8 /* ELCAlbumPickerController.m in Sources */ = {isa = PBXBuildFile; fileRef = 59E533671713A67400EAE3F8 /* ELCAlbumPickerController.m */; };
		59E533781713A67400EAE3F8 /* ELCAsset.m in Sources */ = {isa = PBXBuildFile; fileRef = 59E533691713A67400EAE3F8 /* ELCAsset.m */; };
		59E533791713A67400EAE3F8 /* ELCAssetCell.m in Sources */ = {isa = PBXBuildFile; fileRef = 59E5336B1713A67400EAE3F8 /* ELCAssetCell.m */; };
		59E5337A1713A67400EAE3F8 /* ELCAssetTablePicker.m in Sources */ = {isa = PBXBuildFile; fileRef = 59E5336E1713A67400EAE3F8 /* ELCAssetTablePicker.m */; };
		59E5337B1713A67400EAE3F8 /* ELCImagePickerController.m in Sources */ = {isa = PBXBuildFile; fileRef = 59E533701713A67400EAE3F8 /* ELCImagePickerController.m */; };
		59E5337C1713A67400EAE3F8 /* ELCAlbumPickerController.xib in Resources */ = {isa = PBXBuildFile; fileRef = 59E533721713A67400EAE3F8 /* ELCAlbumPickerController.xib */; };
		59E5337D1713A67400EAE3F8 /* ELCAssetPicker.xib in Resources */ = {isa = PBXBuildFile; fileRef = 59E533731713A67400EAE3F8 /* ELCAssetPicker.xib */; };
		59E5337E1713A67400EAE3F8 /* ELCAssetTablePicker.xib in Resources */ = {isa = PBXBuildFile; fileRef = 59E533741713A67400EAE3F8 /* ELCAssetTablePicker.xib */; };
		59E5337F1713A67400EAE3F8 /* Overlay.png in Resources */ = {isa = PBXBuildFile; fileRef = 59E533751713A67400EAE3F8 /* Overlay.png */; };
		59E533801713A67400EAE3F8 /* Overlay@2x.png in Resources */ = {isa = PBXBuildFile; fileRef = 59E533761713A67400EAE3F8 /* Overlay@2x.png */; };
/* End PBXBuildFile section */

/* Begin PBXFileReference section */
		0127518D16F7B46500A54AED /* SGThirdViewController.h */ = {isa = PBXFileReference; fileEncoding = 4; lastKnownFileType = sourcecode.c.h; path = SGThirdViewController.h; sourceTree = "<group>"; };
		0127518E16F7B46500A54AED /* SGThirdViewController.m */ = {isa = PBXFileReference; fileEncoding = 4; lastKnownFileType = sourcecode.c.objc; path = SGThirdViewController.m; sourceTree = "<group>"; };
		0127E7561713BBFB007BC301 /* SGUploader.h */ = {isa = PBXFileReference; fileEncoding = 4; lastKnownFileType = sourcecode.c.h; path = SGUploader.h; sourceTree = "<group>"; };
		0127E7571713BBFB007BC301 /* SGUploader.m */ = {isa = PBXFileReference; fileEncoding = 4; lastKnownFileType = sourcecode.c.objc; path = SGUploader.m; sourceTree = "<group>"; };
		014745F616FE4104000D83C7 /* MobileCoreServices.framework */ = {isa = PBXFileReference; lastKnownFileType = wrapper.framework; name = MobileCoreServices.framework; path = System/Library/Frameworks/MobileCoreServices.framework; sourceTree = SDKROOT; };
		014CF2FC1700DB3A007E8297 /* AFHTTPClient.h */ = {isa = PBXFileReference; fileEncoding = 4; lastKnownFileType = sourcecode.c.h; path = AFHTTPClient.h; sourceTree = "<group>"; };
		014CF2FD1700DB3A007E8297 /* AFHTTPClient.m */ = {isa = PBXFileReference; fileEncoding = 4; lastKnownFileType = sourcecode.c.objc; path = AFHTTPClient.m; sourceTree = "<group>"; };
		014CF2FE1700DB3A007E8297 /* AFHTTPRequestOperation.h */ = {isa = PBXFileReference; fileEncoding = 4; lastKnownFileType = sourcecode.c.h; path = AFHTTPRequestOperation.h; sourceTree = "<group>"; };
		014CF2FF1700DB3A007E8297 /* AFHTTPRequestOperation.m */ = {isa = PBXFileReference; fileEncoding = 4; lastKnownFileType = sourcecode.c.objc; path = AFHTTPRequestOperation.m; sourceTree = "<group>"; };
		014CF3001700DB3A007E8297 /* AFImageRequestOperation.h */ = {isa = PBXFileReference; fileEncoding = 4; lastKnownFileType = sourcecode.c.h; path = AFImageRequestOperation.h; sourceTree = "<group>"; };
		014CF3011700DB3A007E8297 /* AFImageRequestOperation.m */ = {isa = PBXFileReference; fileEncoding = 4; lastKnownFileType = sourcecode.c.objc; path = AFImageRequestOperation.m; sourceTree = "<group>"; };
		014CF3021700DB3A007E8297 /* AFJSONRequestOperation.h */ = {isa = PBXFileReference; fileEncoding = 4; lastKnownFileType = sourcecode.c.h; path = AFJSONRequestOperation.h; sourceTree = "<group>"; };
		014CF3031700DB3A007E8297 /* AFJSONRequestOperation.m */ = {isa = PBXFileReference; fileEncoding = 4; lastKnownFileType = sourcecode.c.objc; path = AFJSONRequestOperation.m; sourceTree = "<group>"; };
		014CF3041700DB3A007E8297 /* AFNetworkActivityIndicatorManager.h */ = {isa = PBXFileReference; fileEncoding = 4; lastKnownFileType = sourcecode.c.h; path = AFNetworkActivityIndicatorManager.h; sourceTree = "<group>"; };
		014CF3051700DB3A007E8297 /* AFNetworkActivityIndicatorManager.m */ = {isa = PBXFileReference; fileEncoding = 4; lastKnownFileType = sourcecode.c.objc; path = AFNetworkActivityIndicatorManager.m; sourceTree = "<group>"; };
		014CF3061700DB3A007E8297 /* AFNetworking.h */ = {isa = PBXFileReference; fileEncoding = 4; lastKnownFileType = sourcecode.c.h; path = AFNetworking.h; sourceTree = "<group>"; };
		014CF3071700DB3A007E8297 /* AFPropertyListRequestOperation.h */ = {isa = PBXFileReference; fileEncoding = 4; lastKnownFileType = sourcecode.c.h; path = AFPropertyListRequestOperation.h; sourceTree = "<group>"; };
		014CF3081700DB3A007E8297 /* AFPropertyListRequestOperation.m */ = {isa = PBXFileReference; fileEncoding = 4; lastKnownFileType = sourcecode.c.objc; path = AFPropertyListRequestOperation.m; sourceTree = "<group>"; };
		014CF3091700DB3A007E8297 /* AFURLConnectionOperation.h */ = {isa = PBXFileReference; fileEncoding = 4; lastKnownFileType = sourcecode.c.h; path = AFURLConnectionOperation.h; sourceTree = "<group>"; };
		014CF30A1700DB3A007E8297 /* AFURLConnectionOperation.m */ = {isa = PBXFileReference; fileEncoding = 4; lastKnownFileType = sourcecode.c.objc; path = AFURLConnectionOperation.m; sourceTree = "<group>"; };
		014CF30B1700DB3A007E8297 /* AFXMLRequestOperation.h */ = {isa = PBXFileReference; fileEncoding = 4; lastKnownFileType = sourcecode.c.h; path = AFXMLRequestOperation.h; sourceTree = "<group>"; };
		014CF30C1700DB3A007E8297 /* AFXMLRequestOperation.m */ = {isa = PBXFileReference; fileEncoding = 4; lastKnownFileType = sourcecode.c.objc; path = AFXMLRequestOperation.m; sourceTree = "<group>"; };
		014CF30D1700DB3A007E8297 /* UIImageView+AFNetworking.h */ = {isa = PBXFileReference; fileEncoding = 4; lastKnownFileType = sourcecode.c.h; path = "UIImageView+AFNetworking.h"; sourceTree = "<group>"; };
		014CF30E1700DB3A007E8297 /* UIImageView+AFNetworking.m */ = {isa = PBXFileReference; fileEncoding = 4; lastKnownFileType = sourcecode.c.objc; path = "UIImageView+AFNetworking.m"; sourceTree = "<group>"; };
		014CF3181700DB6C007E8297 /* SystemConfiguration.framework */ = {isa = PBXFileReference; lastKnownFileType = wrapper.framework; name = SystemConfiguration.framework; path = System/Library/Frameworks/SystemConfiguration.framework; sourceTree = SDKROOT; };
		01CAFC0B1703694900EFD520 /* AVFoundation.framework */ = {isa = PBXFileReference; lastKnownFileType = wrapper.framework; name = AVFoundation.framework; path = System/Library/Frameworks/AVFoundation.framework; sourceTree = SDKROOT; };
		01CAFC0D1703695300EFD520 /* CoreMedia.framework */ = {isa = PBXFileReference; lastKnownFileType = wrapper.framework; name = CoreMedia.framework; path = System/Library/Frameworks/CoreMedia.framework; sourceTree = SDKROOT; };
		592F304316FE4AD70019CBBE /* SGVideoFrameExtractor.h */ = {isa = PBXFileReference; fileEncoding = 4; lastKnownFileType = sourcecode.c.h; path = SGVideoFrameExtractor.h; sourceTree = "<group>"; };
		592F304416FE4AD70019CBBE /* SGVideoFrameExtractor.m */ = {isa = PBXFileReference; fileEncoding = 4; lastKnownFileType = sourcecode.c.objc; path = SGVideoFrameExtractor.m; sourceTree = "<group>"; };
		592F304616FE863C0019CBBE /* MediaPlayer.framework */ = {isa = PBXFileReference; lastKnownFileType = wrapper.framework; name = MediaPlayer.framework; path = System/Library/Frameworks/MediaPlayer.framework; sourceTree = SDKROOT; };
		596F06F117037E0600371B36 /* icon.png */ = {isa = PBXFileReference; lastKnownFileType = image.png; path = icon.png; sourceTree = "<group>"; };
		596F06F217037E0600371B36 /* icon@2x.png */ = {isa = PBXFileReference; lastKnownFileType = image.png; path = "icon@2x.png"; sourceTree = "<group>"; };
		597AD17B170A343600F278D4 /* SGGifViewController.h */ = {isa = PBXFileReference; fileEncoding = 4; lastKnownFileType = sourcecode.c.h; path = SGGifViewController.h; sourceTree = "<group>"; };
		597AD17C170A343600F278D4 /* SGGifViewController.m */ = {isa = PBXFileReference; fileEncoding = 4; lastKnownFileType = sourcecode.c.objc; path = SGGifViewController.m; sourceTree = "<group>"; };
		597AD17E170B651A00F278D4 /* Default.png */ = {isa = PBXFileReference; lastKnownFileType = image.png; path = Default.png; sourceTree = "<group>"; };
		597AD17F170B651A00F278D4 /* Default@2x.png */ = {isa = PBXFileReference; lastKnownFileType = image.png; path = "Default@2x.png"; sourceTree = "<group>"; };
		597AD182170B656900F278D4 /* Default-568h@2x@2x copy.png */ = {isa = PBXFileReference; lastKnownFileType = image.png; path = "Default-568h@2x@2x copy.png"; sourceTree = "<group>"; };
		597AD184170B661A00F278D4 /* Background.png */ = {isa = PBXFileReference; lastKnownFileType = image.png; path = Background.png; sourceTree = "<group>"; };
		597AD185170B661A00F278D4 /* Background@2x.png */ = {isa = PBXFileReference; lastKnownFileType = image.png; path = "Background@2x.png"; sourceTree = "<group>"; };
		597AD18E170B669000F278D4 /* tabbar.png */ = {isa = PBXFileReference; lastKnownFileType = image.png; path = tabbar.png; sourceTree = "<group>"; };
		597AD18F170B669000F278D4 /* tabbar@2x.png */ = {isa = PBXFileReference; lastKnownFileType = image.png; path = "tabbar@2x.png"; sourceTree = "<group>"; };
		597AD194170B67FA00F278D4 /* tabbar_selected.png */ = {isa = PBXFileReference; lastKnownFileType = image.png; path = tabbar_selected.png; sourceTree = "<group>"; };
		597AD195170B67FA00F278D4 /* tabbar_selected@2x.png */ = {isa = PBXFileReference; lastKnownFileType = image.png; path = "tabbar_selected@2x.png"; sourceTree = "<group>"; };
		597AD1AC170B6C6100F278D4 /* folder_selected@2x.png */ = {isa = PBXFileReference; lastKnownFileType = image.png; path = "folder_selected@2x.png"; sourceTree = "<group>"; };
		597AD1AD170B6C6100F278D4 /* folder@2x.png */ = {isa = PBXFileReference; lastKnownFileType = image.png; path = "folder@2x.png"; sourceTree = "<group>"; };
		597AD1AE170B6C6100F278D4 /* globe_selected@2x.png */ = {isa = PBXFileReference; lastKnownFileType = image.png; path = "globe_selected@2x.png"; sourceTree = "<group>"; };
		597AD1AF170B6C6100F278D4 /* globe@2x.png */ = {isa = PBXFileReference; lastKnownFileType = image.png; path = "globe@2x.png"; sourceTree = "<group>"; };
		597AD1B0170B6C6200F278D4 /* settings_selected@2x.png */ = {isa = PBXFileReference; lastKnownFileType = image.png; path = "settings_selected@2x.png"; sourceTree = "<group>"; };
		597AD1B1170B6C6300F278D4 /* settings@2x.png */ = {isa = PBXFileReference; lastKnownFileType = image.png; path = "settings@2x.png"; sourceTree = "<group>"; };
		597AD1B2170B6C6300F278D4 /* video_selected@2x.png */ = {isa = PBXFileReference; lastKnownFileType = image.png; path = "video_selected@2x.png"; sourceTree = "<group>"; };
		597AD1B3170B6C6400F278D4 /* video@2x.png */ = {isa = PBXFileReference; lastKnownFileType = image.png; path = "video@2x.png"; sourceTree = "<group>"; };
		597AD1BC170B6D9F00F278D4 /* folder_selected.png */ = {isa = PBXFileReference; lastKnownFileType = image.png; path = folder_selected.png; sourceTree = "<group>"; };
		597AD1BD170B6D9F00F278D4 /* folder.png */ = {isa = PBXFileReference; lastKnownFileType = image.png; path = folder.png; sourceTree = "<group>"; };
		597AD1BE170B6D9F00F278D4 /* settings_selected.png */ = {isa = PBXFileReference; lastKnownFileType = image.png; path = settings_selected.png; sourceTree = "<group>"; };
		597AD1BF170B6D9F00F278D4 /* settings.png */ = {isa = PBXFileReference; lastKnownFileType = image.png; path = settings.png; sourceTree = "<group>"; };
		597AD1C0170B6D9F00F278D4 /* globe_selected.png */ = {isa = PBXFileReference; lastKnownFileType = image.png; path = globe_selected.png; sourceTree = "<group>"; };
		597AD1C1170B6D9F00F278D4 /* globe.png */ = {isa = PBXFileReference; lastKnownFileType = image.png; path = globe.png; sourceTree = "<group>"; };
		597AD1C2170B6D9F00F278D4 /* video_selected.png */ = {isa = PBXFileReference; lastKnownFileType = image.png; path = video_selected.png; sourceTree = "<group>"; };
		597AD1C3170B6DA000F278D4 /* video.png */ = {isa = PBXFileReference; lastKnownFileType = image.png; path = video.png; sourceTree = "<group>"; };
		597AD1CC170B893F00F278D4 /* record_button.png */ = {isa = PBXFileReference; lastKnownFileType = image.png; path = record_button.png; sourceTree = "<group>"; };
		597AD1CD170B894000F278D4 /* record_button@2x.png */ = {isa = PBXFileReference; lastKnownFileType = image.png; path = "record_button@2x.png"; sourceTree = "<group>"; };
		597AD1CE170B894200F278D4 /* uploadvideo.png */ = {isa = PBXFileReference; lastKnownFileType = image.png; path = uploadvideo.png; sourceTree = "<group>"; };
		597AD1CF170B894300F278D4 /* uploadvideo@2x.png */ = {isa = PBXFileReference; lastKnownFileType = image.png; path = "uploadvideo@2x.png"; sourceTree = "<group>"; };
		597AD1D0170B894300F278D4 /* uploadphotos.png */ = {isa = PBXFileReference; lastKnownFileType = image.png; path = uploadphotos.png; sourceTree = "<group>"; };
		597AD1D1170B894400F278D4 /* uploadphotos@2x.png */ = {isa = PBXFileReference; lastKnownFileType = image.png; path = "uploadphotos@2x.png"; sourceTree = "<group>"; };
		597AD1D8170B89CE00F278D4 /* Default-568h@2x.png */ = {isa = PBXFileReference; lastKnownFileType = image.png; path = "Default-568h@2x.png"; sourceTree = "<group>"; };
		597B1E141715CA9D005E430C /* processing_1.png */ = {isa = PBXFileReference; lastKnownFileType = image.png; path = processing_1.png; sourceTree = "<group>"; };
		597B1E151715CA9D005E430C /* processing_1@2x.png */ = {isa = PBXFileReference; lastKnownFileType = image.png; path = "processing_1@2x.png"; sourceTree = "<group>"; };
		597B1E161715CA9D005E430C /* processing_2.png */ = {isa = PBXFileReference; lastKnownFileType = image.png; path = processing_2.png; sourceTree = "<group>"; };
		597B1E171715CA9D005E430C /* processing_2@2x.png */ = {isa = PBXFileReference; lastKnownFileType = image.png; path = "processing_2@2x.png"; sourceTree = "<group>"; };
		597B1E181715CA9D005E430C /* processing_3.png */ = {isa = PBXFileReference; lastKnownFileType = image.png; path = processing_3.png; sourceTree = "<group>"; };
		597B1E191715CA9D005E430C /* processing_3@2x.png */ = {isa = PBXFileReference; lastKnownFileType = image.png; path = "processing_3@2x.png"; sourceTree = "<group>"; };
		597B1E1A1715CA9D005E430C /* processing_4.png */ = {isa = PBXFileReference; lastKnownFileType = image.png; path = processing_4.png; sourceTree = "<group>"; };
		597B1E1B1715CA9D005E430C /* processing_4@2x.png */ = {isa = PBXFileReference; lastKnownFileType = image.png; path = "processing_4@2x.png"; sourceTree = "<group>"; };
		597B1E1C1715CA9D005E430C /* processing_5.png */ = {isa = PBXFileReference; lastKnownFileType = image.png; path = processing_5.png; sourceTree = "<group>"; };
		597B1E1D1715CA9D005E430C /* processing_5@2x.png */ = {isa = PBXFileReference; lastKnownFileType = image.png; path = "processing_5@2x.png"; sourceTree = "<group>"; };
		597B1E1E1715CA9D005E430C /* processing_6.png */ = {isa = PBXFileReference; lastKnownFileType = image.png; path = processing_6.png; sourceTree = "<group>"; };
		597B1E1F1715CA9D005E430C /* processing_6@2x.png */ = {isa = PBXFileReference; lastKnownFileType = image.png; path = "processing_6@2x.png"; sourceTree = "<group>"; };
		597B1E201715CA9D005E430C /* processing_7.png */ = {isa = PBXFileReference; lastKnownFileType = image.png; path = processing_7.png; sourceTree = "<group>"; };
		597B1E211715CA9D005E430C /* processing_7@2x.png */ = {isa = PBXFileReference; lastKnownFileType = image.png; path = "processing_7@2x.png"; sourceTree = "<group>"; };
		597B1E221715CA9D005E430C /* processing_8.png */ = {isa = PBXFileReference; lastKnownFileType = image.png; path = processing_8.png; sourceTree = "<group>"; };
		597B1E231715CA9D005E430C /* processing_8@2x.png */ = {isa = PBXFileReference; lastKnownFileType = image.png; path = "processing_8@2x.png"; sourceTree = "<group>"; };
		597B1E351715CF54005E430C /* SGProcessingView.h */ = {isa = PBXFileReference; fileEncoding = 4; lastKnownFileType = sourcecode.c.h; path = SGProcessingView.h; sourceTree = "<group>"; };
		597B1E361715CF54005E430C /* SGProcessingView.m */ = {isa = PBXFileReference; fileEncoding = 4; lastKnownFileType = sourcecode.c.objc; path = SGProcessingView.m; sourceTree = "<group>"; };
		597B1E3A1716392E005E430C /* eactracting_1.png */ = {isa = PBXFileReference; lastKnownFileType = image.png; path = eactracting_1.png; sourceTree = "<group>"; };
		597B1E3B1716392E005E430C /* extracting_1@2x.png */ = {isa = PBXFileReference; lastKnownFileType = image.png; path = "extracting_1@2x.png"; sourceTree = "<group>"; };
		597B1E3C1716392E005E430C /* extracting_2.png */ = {isa = PBXFileReference; lastKnownFileType = image.png; path = extracting_2.png; sourceTree = "<group>"; };
		597B1E3D1716392E005E430C /* extracting_2@2x.png */ = {isa = PBXFileReference; lastKnownFileType = image.png; path = "extracting_2@2x.png"; sourceTree = "<group>"; };
		597B1E3E1716392E005E430C /* extracting_3.png */ = {isa = PBXFileReference; lastKnownFileType = image.png; path = extracting_3.png; sourceTree = "<group>"; };
		597B1E3F1716392E005E430C /* extracting_3@2x.png */ = {isa = PBXFileReference; lastKnownFileType = image.png; path = "extracting_3@2x.png"; sourceTree = "<group>"; };
		597B1E401716392E005E430C /* extracting_4.png */ = {isa = PBXFileReference; lastKnownFileType = image.png; path = extracting_4.png; sourceTree = "<group>"; };
		597B1E411716392E005E430C /* extracting_4@2x.png */ = {isa = PBXFileReference; lastKnownFileType = image.png; path = "extracting_4@2x.png"; sourceTree = "<group>"; };
		597B1E431716392E005E430C /* uploading_1.png */ = {isa = PBXFileReference; lastKnownFileType = image.png; path = uploading_1.png; sourceTree = "<group>"; };
		597B1E441716392E005E430C /* uploading_1@2x.png */ = {isa = PBXFileReference; lastKnownFileType = image.png; path = "uploading_1@2x.png"; sourceTree = "<group>"; };
		597B1E451716392E005E430C /* uploading_2.png */ = {isa = PBXFileReference; lastKnownFileType = image.png; path = uploading_2.png; sourceTree = "<group>"; };
		597B1E461716392E005E430C /* uploading_2@2x.png */ = {isa = PBXFileReference; lastKnownFileType = image.png; path = "uploading_2@2x.png"; sourceTree = "<group>"; };
		597B1E471716392E005E430C /* uploading_3.png */ = {isa = PBXFileReference; lastKnownFileType = image.png; path = uploading_3.png; sourceTree = "<group>"; };
		597B1E481716392E005E430C /* uploading_3@2x.png */ = {isa = PBXFileReference; lastKnownFileType = image.png; path = "uploading_3@2x.png"; sourceTree = "<group>"; };
		597B1E491716392E005E430C /* uploading_4.png */ = {isa = PBXFileReference; lastKnownFileType = image.png; path = uploading_4.png; sourceTree = "<group>"; };
		597B1E4A1716392E005E430C /* uploading_4@2x.png */ = {isa = PBXFileReference; lastKnownFileType = image.png; path = "uploading_4@2x.png"; sourceTree = "<group>"; };
		597B1E5D17166F47005E430C /* array.png */ = {isa = PBXFileReference; lastKnownFileType = image.png; path = array.png; sourceTree = "<group>"; };
		597B1E5E17166F47005E430C /* array@2x.png */ = {isa = PBXFileReference; lastKnownFileType = image.png; path = "array@2x.png"; sourceTree = "<group>"; };
		597B1E5F17166F47005E430C /* go.png */ = {isa = PBXFileReference; lastKnownFileType = image.png; path = go.png; sourceTree = "<group>"; };
		597B1E6017166F47005E430C /* go@2x.png */ = {isa = PBXFileReference; lastKnownFileType = image.png; path = "go@2x.png"; sourceTree = "<group>"; };
		597B1E6117166F47005E430C /* text.png */ = {isa = PBXFileReference; lastKnownFileType = image.png; path = text.png; sourceTree = "<group>"; };
		597B1E6217166F47005E430C /* text@2x.png */ = {isa = PBXFileReference; lastKnownFileType = image.png; path = "text@2x.png"; sourceTree = "<group>"; };
		597B1E6317166F47005E430C /* tag.png */ = {isa = PBXFileReference; lastKnownFileType = image.png; path = tag.png; sourceTree = "<group>"; };
		597B1E6417166F47005E430C /* tag@2x.png */ = {isa = PBXFileReference; lastKnownFileType = image.png; path = "tag@2x.png"; sourceTree = "<group>"; };
		597B1E6517166F47005E430C /* cancel.png */ = {isa = PBXFileReference; lastKnownFileType = image.png; path = cancel.png; sourceTree = "<group>"; };
		597B1E6617166F47005E430C /* cancel@2x.png */ = {isa = PBXFileReference; lastKnownFileType = image.png; path = "cancel@2x.png"; sourceTree = "<group>"; };
		598824FC170E895400046206 /* SGFourthViewController.h */ = {isa = PBXFileReference; fileEncoding = 4; lastKnownFileType = sourcecode.c.h; path = SGFourthViewController.h; sourceTree = "<group>"; };
		598824FD170E895400046206 /* SGFourthViewController.m */ = {isa = PBXFileReference; fileEncoding = 4; lastKnownFileType = sourcecode.c.objc; path = SGFourthViewController.m; sourceTree = "<group>"; };
		598824FF171273D500046206 /* AssetsLibrary.framework */ = {isa = PBXFileReference; lastKnownFileType = wrapper.framework; name = AssetsLibrary.framework; path = System/Library/Frameworks/AssetsLibrary.framework; sourceTree = SDKROOT; };
		5988250117127B2800046206 /* MessageUI.framework */ = {isa = PBXFileReference; lastKnownFileType = wrapper.framework; name = MessageUI.framework; path = System/Library/Frameworks/MessageUI.framework; sourceTree = SDKROOT; };
		59CC95A916F1011600672ED8 /* SwiftGif.app */ = {isa = PBXFileReference; explicitFileType = wrapper.application; includeInIndex = 0; path = SwiftGif.app; sourceTree = BUILT_PRODUCTS_DIR; };
		59CC95AC16F1011600672ED8 /* UIKit.framework */ = {isa = PBXFileReference; lastKnownFileType = wrapper.framework; name = UIKit.framework; path = System/Library/Frameworks/UIKit.framework; sourceTree = SDKROOT; };
		59CC95AE16F1011600672ED8 /* Foundation.framework */ = {isa = PBXFileReference; lastKnownFileType = wrapper.framework; name = Foundation.framework; path = System/Library/Frameworks/Foundation.framework; sourceTree = SDKROOT; };
		59CC95B016F1011600672ED8 /* CoreGraphics.framework */ = {isa = PBXFileReference; lastKnownFileType = wrapper.framework; name = CoreGraphics.framework; path = System/Library/Frameworks/CoreGraphics.framework; sourceTree = SDKROOT; };
		59CC95B416F1011600672ED8 /* SwiftGif-Info.plist */ = {isa = PBXFileReference; lastKnownFileType = text.plist.xml; path = "SwiftGif-Info.plist"; sourceTree = "<group>"; };
		59CC95B616F1011600672ED8 /* en */ = {isa = PBXFileReference; lastKnownFileType = text.plist.strings; name = en; path = en.lproj/InfoPlist.strings; sourceTree = "<group>"; };
		59CC95B816F1011600672ED8 /* main.m */ = {isa = PBXFileReference; lastKnownFileType = sourcecode.c.objc; path = main.m; sourceTree = "<group>"; };
		59CC95BA16F1011600672ED8 /* SwiftGif-Prefix.pch */ = {isa = PBXFileReference; lastKnownFileType = sourcecode.c.h; path = "SwiftGif-Prefix.pch"; sourceTree = "<group>"; };
		59CC95BB16F1011600672ED8 /* SGAppDelegate.h */ = {isa = PBXFileReference; lastKnownFileType = sourcecode.c.h; path = SGAppDelegate.h; sourceTree = "<group>"; };
		59CC95BC16F1011600672ED8 /* SGAppDelegate.m */ = {isa = PBXFileReference; lastKnownFileType = sourcecode.c.objc; path = SGAppDelegate.m; sourceTree = "<group>"; };
		59CC95C516F1011600672ED8 /* en */ = {isa = PBXFileReference; lastKnownFileType = file.storyboard; name = en; path = en.lproj/MainStoryboard.storyboard; sourceTree = "<group>"; };
		59CC95C716F1011600672ED8 /* SGFirstViewController.h */ = {isa = PBXFileReference; lastKnownFileType = sourcecode.c.h; path = SGFirstViewController.h; sourceTree = "<group>"; };
		59CC95C816F1011600672ED8 /* SGFirstViewController.m */ = {isa = PBXFileReference; lastKnownFileType = sourcecode.c.objc; path = SGFirstViewController.m; sourceTree = "<group>"; };
		59CC95CE16F1011700672ED8 /* SGSecondViewController.h */ = {isa = PBXFileReference; lastKnownFileType = sourcecode.c.h; path = SGSecondViewController.h; sourceTree = "<group>"; };
		59CC95CF16F1011700672ED8 /* SGSecondViewController.m */ = {isa = PBXFileReference; lastKnownFileType = sourcecode.c.objc; path = SGSecondViewController.m; sourceTree = "<group>"; };
		59D0D1761718B098000A14CB /* hyperlink.png */ = {isa = PBXFileReference; lastKnownFileType = image.png; path = hyperlink.png; sourceTree = "<group>"; };
		59D0D1771718B098000A14CB /* hyperlink@2x.png */ = {isa = PBXFileReference; lastKnownFileType = image.png; path = "hyperlink@2x.png"; sourceTree = "<group>"; };
		59D0D1781718B098000A14CB /* download.png */ = {isa = PBXFileReference; lastKnownFileType = image.png; path = download.png; sourceTree = "<group>"; };
		59D0D1791718B098000A14CB /* download@2x.png */ = {isa = PBXFileReference; lastKnownFileType = image.png; path = "download@2x.png"; sourceTree = "<group>"; };
		59D0D17A1718B098000A14CB /* share.png */ = {isa = PBXFileReference; lastKnownFileType = image.png; path = share.png; sourceTree = "<group>"; };
		59D0D17B1718B098000A14CB /* share@2x.png */ = {isa = PBXFileReference; lastKnownFileType = image.png; path = "share@2x.png"; sourceTree = "<group>"; };
		59D0D17C1718B098000A14CB /* home.png */ = {isa = PBXFileReference; lastKnownFileType = image.png; path = home.png; sourceTree = "<group>"; };
		59D0D17D1718B098000A14CB /* home@2x.png */ = {isa = PBXFileReference; lastKnownFileType = image.png; path = "home@2x.png"; sourceTree = "<group>"; };
		59E5335F17138D2500EAE3F8 /* SGFrameEditController.h */ = {isa = PBXFileReference; fileEncoding = 4; lastKnownFileType = sourcecode.c.h; path = SGFrameEditController.h; sourceTree = "<group>"; };
		59E5336017138D2500EAE3F8 /* SGFrameEditController.m */ = {isa = PBXFileReference; fileEncoding = 4; lastKnownFileType = sourcecode.c.objc; path = SGFrameEditController.m; sourceTree = "<group>"; };
		59E533661713A67400EAE3F8 /* ELCAlbumPickerController.h */ = {isa = PBXFileReference; fileEncoding = 4; lastKnownFileType = sourcecode.c.h; path = ELCAlbumPickerController.h; sourceTree = "<group>"; };
		59E533671713A67400EAE3F8 /* ELCAlbumPickerController.m */ = {isa = PBXFileReference; fileEncoding = 4; lastKnownFileType = sourcecode.c.objc; path = ELCAlbumPickerController.m; sourceTree = "<group>"; };
		59E533681713A67400EAE3F8 /* ELCAsset.h */ = {isa = PBXFileReference; fileEncoding = 4; lastKnownFileType = sourcecode.c.h; path = ELCAsset.h; sourceTree = "<group>"; };
		59E533691713A67400EAE3F8 /* ELCAsset.m */ = {isa = PBXFileReference; fileEncoding = 4; lastKnownFileType = sourcecode.c.objc; path = ELCAsset.m; sourceTree = "<group>"; };
		59E5336A1713A67400EAE3F8 /* ELCAssetCell.h */ = {isa = PBXFileReference; fileEncoding = 4; lastKnownFileType = sourcecode.c.h; path = ELCAssetCell.h; sourceTree = "<group>"; };
		59E5336B1713A67400EAE3F8 /* ELCAssetCell.m */ = {isa = PBXFileReference; fileEncoding = 4; lastKnownFileType = sourcecode.c.objc; path = ELCAssetCell.m; sourceTree = "<group>"; };
		59E5336C1713A67400EAE3F8 /* ELCAssetSelectionDelegate.h */ = {isa = PBXFileReference; fileEncoding = 4; lastKnownFileType = sourcecode.c.h; path = ELCAssetSelectionDelegate.h; sourceTree = "<group>"; };
		59E5336D1713A67400EAE3F8 /* ELCAssetTablePicker.h */ = {isa = PBXFileReference; fileEncoding = 4; lastKnownFileType = sourcecode.c.h; path = ELCAssetTablePicker.h; sourceTree = "<group>"; };
		59E5336E1713A67400EAE3F8 /* ELCAssetTablePicker.m */ = {isa = PBXFileReference; fileEncoding = 4; lastKnownFileType = sourcecode.c.objc; path = ELCAssetTablePicker.m; sourceTree = "<group>"; };
		59E5336F1713A67400EAE3F8 /* ELCImagePickerController.h */ = {isa = PBXFileReference; fileEncoding = 4; lastKnownFileType = sourcecode.c.h; path = ELCImagePickerController.h; sourceTree = "<group>"; };
		59E533701713A67400EAE3F8 /* ELCImagePickerController.m */ = {isa = PBXFileReference; fileEncoding = 4; lastKnownFileType = sourcecode.c.objc; path = ELCImagePickerController.m; sourceTree = "<group>"; };
		59E533721713A67400EAE3F8 /* ELCAlbumPickerController.xib */ = {isa = PBXFileReference; fileEncoding = 4; lastKnownFileType = file.xib; path = ELCAlbumPickerController.xib; sourceTree = "<group>"; };
		59E533731713A67400EAE3F8 /* ELCAssetPicker.xib */ = {isa = PBXFileReference; fileEncoding = 4; lastKnownFileType = file.xib; path = ELCAssetPicker.xib; sourceTree = "<group>"; };
		59E533741713A67400EAE3F8 /* ELCAssetTablePicker.xib */ = {isa = PBXFileReference; fileEncoding = 4; lastKnownFileType = file.xib; path = ELCAssetTablePicker.xib; sourceTree = "<group>"; };
		59E533751713A67400EAE3F8 /* Overlay.png */ = {isa = PBXFileReference; lastKnownFileType = image.png; path = Overlay.png; sourceTree = "<group>"; };
		59E533761713A67400EAE3F8 /* Overlay@2x.png */ = {isa = PBXFileReference; lastKnownFileType = image.png; path = "Overlay@2x.png"; sourceTree = "<group>"; };
/* End PBXFileReference section */

/* Begin PBXFrameworksBuildPhase section */
		59CC95A616F1011500672ED8 /* Frameworks */ = {
			isa = PBXFrameworksBuildPhase;
			buildActionMask = 2147483647;
			files = (
				5988250217127B2800046206 /* MessageUI.framework in Frameworks */,
				59882500171273D600046206 /* AssetsLibrary.framework in Frameworks */,
				01CAFC0E1703695300EFD520 /* CoreMedia.framework in Frameworks */,
				01CAFC0C1703694900EFD520 /* AVFoundation.framework in Frameworks */,
				014CF3191700DB6C007E8297 /* SystemConfiguration.framework in Frameworks */,
				592F304716FE863C0019CBBE /* MediaPlayer.framework in Frameworks */,
				014745F716FE4104000D83C7 /* MobileCoreServices.framework in Frameworks */,
				59CC95AD16F1011600672ED8 /* UIKit.framework in Frameworks */,
				59CC95AF16F1011600672ED8 /* Foundation.framework in Frameworks */,
				59CC95B116F1011600672ED8 /* CoreGraphics.framework in Frameworks */,
			);
			runOnlyForDeploymentPostprocessing = 0;
		};
/* End PBXFrameworksBuildPhase section */

/* Begin PBXGroup section */
		597B1E101715CA06005E430C /* Tab Bar */ = {
			isa = PBXGroup;
			children = (
				597AD194170B67FA00F278D4 /* tabbar_selected.png */,
				597AD195170B67FA00F278D4 /* tabbar_selected@2x.png */,
				597AD18E170B669000F278D4 /* tabbar.png */,
				597AD18F170B669000F278D4 /* tabbar@2x.png */,
				597AD1AC170B6C6100F278D4 /* folder_selected@2x.png */,
				597AD1AD170B6C6100F278D4 /* folder@2x.png */,
				597AD1AE170B6C6100F278D4 /* globe_selected@2x.png */,
				597AD1AF170B6C6100F278D4 /* globe@2x.png */,
				597AD1B0170B6C6200F278D4 /* settings_selected@2x.png */,
				597AD1B1170B6C6300F278D4 /* settings@2x.png */,
				597AD1B2170B6C6300F278D4 /* video_selected@2x.png */,
				597AD1B3170B6C6400F278D4 /* video@2x.png */,
				597AD1BC170B6D9F00F278D4 /* folder_selected.png */,
				597AD1BD170B6D9F00F278D4 /* folder.png */,
				597AD1BE170B6D9F00F278D4 /* settings_selected.png */,
				597AD1BF170B6D9F00F278D4 /* settings.png */,
				597AD1C0170B6D9F00F278D4 /* globe_selected.png */,
				597AD1C1170B6D9F00F278D4 /* globe.png */,
				597AD1C2170B6D9F00F278D4 /* video_selected.png */,
				597AD1C3170B6DA000F278D4 /* video.png */,
			);
			name = "Tab Bar";
			sourceTree = "<group>";
		};
		597B1E111715CA5A005E430C /* FirstView */ = {
			isa = PBXGroup;
			children = (
				597AD1CC170B893F00F278D4 /* record_button.png */,
				597AD1CD170B894000F278D4 /* record_button@2x.png */,
				597AD1CE170B894200F278D4 /* uploadvideo.png */,
				597AD1CF170B894300F278D4 /* uploadvideo@2x.png */,
				597AD1D0170B894300F278D4 /* uploadphotos.png */,
				597AD1D1170B894400F278D4 /* uploadphotos@2x.png */,
			);
			name = FirstView;
			sourceTree = "<group>";
		};
		597B1E121715CA9D005E430C /* Processing */ = {
			isa = PBXGroup;
			children = (
				597B1E141715CA9D005E430C /* processing_1.png */,
				597B1E151715CA9D005E430C /* processing_1@2x.png */,
				597B1E161715CA9D005E430C /* processing_2.png */,
				597B1E171715CA9D005E430C /* processing_2@2x.png */,
				597B1E181715CA9D005E430C /* processing_3.png */,
				597B1E191715CA9D005E430C /* processing_3@2x.png */,
				597B1E1A1715CA9D005E430C /* processing_4.png */,
				597B1E1B1715CA9D005E430C /* processing_4@2x.png */,
				597B1E1C1715CA9D005E430C /* processing_5.png */,
				597B1E1D1715CA9D005E430C /* processing_5@2x.png */,
				597B1E1E1715CA9D005E430C /* processing_6.png */,
				597B1E1F1715CA9D005E430C /* processing_6@2x.png */,
				597B1E201715CA9D005E430C /* processing_7.png */,
				597B1E211715CA9D005E430C /* processing_7@2x.png */,
				597B1E221715CA9D005E430C /* processing_8.png */,
				597B1E231715CA9D005E430C /* processing_8@2x.png */,
				597B1E3A1716392E005E430C /* eactracting_1.png */,
				597B1E3B1716392E005E430C /* extracting_1@2x.png */,
				597B1E3C1716392E005E430C /* extracting_2.png */,
				597B1E3D1716392E005E430C /* extracting_2@2x.png */,
				597B1E3E1716392E005E430C /* extracting_3.png */,
				597B1E3F1716392E005E430C /* extracting_3@2x.png */,
				597B1E401716392E005E430C /* extracting_4.png */,
				597B1E411716392E005E430C /* extracting_4@2x.png */,
				597B1E431716392E005E430C /* uploading_1.png */,
				597B1E441716392E005E430C /* uploading_1@2x.png */,
				597B1E451716392E005E430C /* uploading_2.png */,
				597B1E461716392E005E430C /* uploading_2@2x.png */,
				597B1E471716392E005E430C /* uploading_3.png */,
				597B1E481716392E005E430C /* uploading_3@2x.png */,
				597B1E491716392E005E430C /* uploading_4.png */,
				597B1E4A1716392E005E430C /* uploading_4@2x.png */,
			);
			path = Processing;
			sourceTree = "<group>";
		};
		597B1E5C17166F24005E430C /* Icons */ = {
			isa = PBXGroup;
			children = (
				59D0D1761718B098000A14CB /* hyperlink.png */,
				59D0D1771718B098000A14CB /* hyperlink@2x.png */,
				59D0D1781718B098000A14CB /* download.png */,
				59D0D1791718B098000A14CB /* download@2x.png */,
				59D0D17A1718B098000A14CB /* share.png */,
				59D0D17B1718B098000A14CB /* share@2x.png */,
				59D0D17C1718B098000A14CB /* home.png */,
				59D0D17D1718B098000A14CB /* home@2x.png */,
				597B1E5D17166F47005E430C /* array.png */,
				597B1E5E17166F47005E430C /* array@2x.png */,
				597B1E5F17166F47005E430C /* go.png */,
				597B1E6017166F47005E430C /* go@2x.png */,
				597B1E6117166F47005E430C /* text.png */,
				597B1E6217166F47005E430C /* text@2x.png */,
				597B1E6317166F47005E430C /* tag.png */,
				597B1E6417166F47005E430C /* tag@2x.png */,
				597B1E6517166F47005E430C /* cancel.png */,
				597B1E6617166F47005E430C /* cancel@2x.png */,
				596F06F117037E0600371B36 /* icon.png */,
				596F06F217037E0600371B36 /* icon@2x.png */,
			);
			name = Icons;
			sourceTree = "<group>";
		};
		59CC95A016F1011500672ED8 = {
			isa = PBXGroup;
			children = (
				5988250117127B2800046206 /* MessageUI.framework */,
				597AD1D8170B89CE00F278D4 /* Default-568h@2x.png */,
				01CAFC0D1703695300EFD520 /* CoreMedia.framework */,
				01CAFC0B1703694900EFD520 /* AVFoundation.framework */,
				014CF3181700DB6C007E8297 /* SystemConfiguration.framework */,
				592F304616FE863C0019CBBE /* MediaPlayer.framework */,
				014745F616FE4104000D83C7 /* MobileCoreServices.framework */,
				59CC95B216F1011600672ED8 /* SwiftGif */,
				59CC95AB16F1011600672ED8 /* Frameworks */,
				59CC95AA16F1011600672ED8 /* Products */,
			);
			sourceTree = "<group>";
		};
		59CC95AA16F1011600672ED8 /* Products */ = {
			isa = PBXGroup;
			children = (
				59CC95A916F1011600672ED8 /* SwiftGif.app */,
			);
			name = Products;
			sourceTree = "<group>";
		};
		59CC95AB16F1011600672ED8 /* Frameworks */ = {
			isa = PBXGroup;
			children = (
				598824FF171273D500046206 /* AssetsLibrary.framework */,
				59CC95AC16F1011600672ED8 /* UIKit.framework */,
				59CC95AE16F1011600672ED8 /* Foundation.framework */,
				59CC95B016F1011600672ED8 /* CoreGraphics.framework */,
			);
			name = Frameworks;
			sourceTree = "<group>";
		};
		59CC95B216F1011600672ED8 /* SwiftGif */ = {
			isa = PBXGroup;
			children = (
				59CC95DA16F10EBA00672ED8 /* Images */,
				014CF2FC1700DB3A007E8297 /* AFHTTPClient.h */,
				014CF2FD1700DB3A007E8297 /* AFHTTPClient.m */,
				014CF2FE1700DB3A007E8297 /* AFHTTPRequestOperation.h */,
				014CF2FF1700DB3A007E8297 /* AFHTTPRequestOperation.m */,
				014CF3001700DB3A007E8297 /* AFImageRequestOperation.h */,
				014CF3011700DB3A007E8297 /* AFImageRequestOperation.m */,
				014CF3021700DB3A007E8297 /* AFJSONRequestOperation.h */,
				014CF3031700DB3A007E8297 /* AFJSONRequestOperation.m */,
				014CF3041700DB3A007E8297 /* AFNetworkActivityIndicatorManager.h */,
				014CF3051700DB3A007E8297 /* AFNetworkActivityIndicatorManager.m */,
				014CF3061700DB3A007E8297 /* AFNetworking.h */,
				014CF3071700DB3A007E8297 /* AFPropertyListRequestOperation.h */,
				014CF3081700DB3A007E8297 /* AFPropertyListRequestOperation.m */,
				014CF3091700DB3A007E8297 /* AFURLConnectionOperation.h */,
				014CF30A1700DB3A007E8297 /* AFURLConnectionOperation.m */,
				014CF30B1700DB3A007E8297 /* AFXMLRequestOperation.h */,
				014CF30C1700DB3A007E8297 /* AFXMLRequestOperation.m */,
				014CF30D1700DB3A007E8297 /* UIImageView+AFNetworking.h */,
				014CF30E1700DB3A007E8297 /* UIImageView+AFNetworking.m */,
				59CC95C416F1011600672ED8 /* MainStoryboard.storyboard */,
				0127E7561713BBFB007BC301 /* SGUploader.h */,
				0127E7571713BBFB007BC301 /* SGUploader.m */,
				59CC95BB16F1011600672ED8 /* SGAppDelegate.h */,
				59CC95BC16F1011600672ED8 /* SGAppDelegate.m */,
				59CC95C716F1011600672ED8 /* SGFirstViewController.h */,
				59CC95C816F1011600672ED8 /* SGFirstViewController.m */,
				59CC95CE16F1011700672ED8 /* SGSecondViewController.h */,
				59CC95CF16F1011700672ED8 /* SGSecondViewController.m */,
				0127518D16F7B46500A54AED /* SGThirdViewController.h */,
				0127518E16F7B46500A54AED /* SGThirdViewController.m */,
				598824FC170E895400046206 /* SGFourthViewController.h */,
				598824FD170E895400046206 /* SGFourthViewController.m */,
				592F304316FE4AD70019CBBE /* SGVideoFrameExtractor.h */,
				592F304416FE4AD70019CBBE /* SGVideoFrameExtractor.m */,
				597AD17B170A343600F278D4 /* SGGifViewController.h */,
				597AD17C170A343600F278D4 /* SGGifViewController.m */,
				59E5335F17138D2500EAE3F8 /* SGFrameEditController.h */,
				59E5336017138D2500EAE3F8 /* SGFrameEditController.m */,
				597B1E351715CF54005E430C /* SGProcessingView.h */,
				597B1E361715CF54005E430C /* SGProcessingView.m */,
				59CC95B316F1011600672ED8 /* Supporting Files */,
			);
			path = SwiftGif;
			sourceTree = "<group>";
		};
		59CC95B316F1011600672ED8 /* Supporting Files */ = {
			isa = PBXGroup;
			children = (
				59CC95B416F1011600672ED8 /* SwiftGif-Info.plist */,
				597AD17E170B651A00F278D4 /* Default.png */,
				597AD17F170B651A00F278D4 /* Default@2x.png */,
				597AD182170B656900F278D4 /* Default-568h@2x@2x copy.png */,
				59CC95B516F1011600672ED8 /* InfoPlist.strings */,
				59CC95B816F1011600672ED8 /* main.m */,
				59CC95BA16F1011600672ED8 /* SwiftGif-Prefix.pch */,
				59E533651713A67400EAE3F8 /* ELCImagePicker */,
			);
			name = "Supporting Files";
			sourceTree = "<group>";
		};
		59CC95DA16F10EBA00672ED8 /* Images */ = {
			isa = PBXGroup;
			children = (
				597B1E5C17166F24005E430C /* Icons */,
				597B1E121715CA9D005E430C /* Processing */,
				597B1E111715CA5A005E430C /* FirstView */,
				597B1E101715CA06005E430C /* Tab Bar */,
				597AD184170B661A00F278D4 /* Background.png */,
				597AD185170B661A00F278D4 /* Background@2x.png */,
			);
			name = Images;
			sourceTree = "<group>";
		};
		59E533651713A67400EAE3F8 /* ELCImagePicker */ = {
			isa = PBXGroup;
			children = (
				59E533661713A67400EAE3F8 /* ELCAlbumPickerController.h */,
				59E533671713A67400EAE3F8 /* ELCAlbumPickerController.m */,
				59E533681713A67400EAE3F8 /* ELCAsset.h */,
				59E533691713A67400EAE3F8 /* ELCAsset.m */,
				59E5336A1713A67400EAE3F8 /* ELCAssetCell.h */,
				59E5336B1713A67400EAE3F8 /* ELCAssetCell.m */,
				59E5336C1713A67400EAE3F8 /* ELCAssetSelectionDelegate.h */,
				59E5336D1713A67400EAE3F8 /* ELCAssetTablePicker.h */,
				59E5336E1713A67400EAE3F8 /* ELCAssetTablePicker.m */,
				59E5336F1713A67400EAE3F8 /* ELCImagePickerController.h */,
				59E533701713A67400EAE3F8 /* ELCImagePickerController.m */,
				59E533711713A67400EAE3F8 /* Resources */,
			);
			path = ELCImagePicker;
			sourceTree = "<group>";
		};
		59E533711713A67400EAE3F8 /* Resources */ = {
			isa = PBXGroup;
			children = (
				59E533721713A67400EAE3F8 /* ELCAlbumPickerController.xib */,
				59E533731713A67400EAE3F8 /* ELCAssetPicker.xib */,
				59E533741713A67400EAE3F8 /* ELCAssetTablePicker.xib */,
				59E533751713A67400EAE3F8 /* Overlay.png */,
				59E533761713A67400EAE3F8 /* Overlay@2x.png */,
			);
			path = Resources;
			sourceTree = "<group>";
		};
/* End PBXGroup section */

/* Begin PBXNativeTarget section */
		59CC95A816F1011500672ED8 /* SwiftGif */ = {
			isa = PBXNativeTarget;
			buildConfigurationList = 59CC95D716F1011700672ED8 /* Build configuration list for PBXNativeTarget "SwiftGif" */;
			buildPhases = (
				59CC95A616F1011500672ED8 /* Frameworks */,
				59CC95A516F1011500672ED8 /* Sources */,
				59CC95A716F1011500672ED8 /* Resources */,
			);
			buildRules = (
			);
			dependencies = (
			);
			name = SwiftGif;
			productName = SwiftGif;
			productReference = 59CC95A916F1011600672ED8 /* SwiftGif.app */;
			productType = "com.apple.product-type.application";
		};
/* End PBXNativeTarget section */

/* Begin PBXProject section */
		59CC95A116F1011500672ED8 /* Project object */ = {
			isa = PBXProject;
			attributes = {
				CLASSPREFIX = SG;
				LastUpgradeCheck = 0460;
				ORGANIZATIONNAME = "Team SwiftGif";
			};
			buildConfigurationList = 59CC95A416F1011500672ED8 /* Build configuration list for PBXProject "SwiftGif" */;
			compatibilityVersion = "Xcode 3.2";
			developmentRegion = English;
			hasScannedForEncodings = 0;
			knownRegions = (
				en,
			);
			mainGroup = 59CC95A016F1011500672ED8;
			productRefGroup = 59CC95AA16F1011600672ED8 /* Products */;
			projectDirPath = "";
			projectRoot = "";
			targets = (
				59CC95A816F1011500672ED8 /* SwiftGif */,
			);
		};
/* End PBXProject section */

/* Begin PBXResourcesBuildPhase section */
		59CC95A716F1011500672ED8 /* Resources */ = {
			isa = PBXResourcesBuildPhase;
			buildActionMask = 2147483647;
			files = (
				59CC95B716F1011600672ED8 /* InfoPlist.strings in Resources */,
				59CC95C616F1011600672ED8 /* MainStoryboard.storyboard in Resources */,
				596F06F317037E0600371B36 /* icon.png in Resources */,
				596F06F417037E0600371B36 /* icon@2x.png in Resources */,
				597AD180170B651A00F278D4 /* Default.png in Resources */,
				597AD181170B651A00F278D4 /* Default@2x.png in Resources */,
				597AD183170B656900F278D4 /* Default-568h@2x@2x copy.png in Resources */,
				597AD186170B661A00F278D4 /* Background.png in Resources */,
				597AD187170B661A00F278D4 /* Background@2x.png in Resources */,
				597AD192170B669000F278D4 /* tabbar.png in Resources */,
				597AD193170B669000F278D4 /* tabbar@2x.png in Resources */,
				597AD196170B67FA00F278D4 /* tabbar_selected.png in Resources */,
				597AD197170B67FA00F278D4 /* tabbar_selected@2x.png in Resources */,
				597AD1B4170B6C6500F278D4 /* folder_selected@2x.png in Resources */,
				597AD1B5170B6C6500F278D4 /* folder@2x.png in Resources */,
				597AD1B6170B6C6500F278D4 /* globe_selected@2x.png in Resources */,
				597AD1B7170B6C6500F278D4 /* globe@2x.png in Resources */,
				597AD1B8170B6C6500F278D4 /* settings_selected@2x.png in Resources */,
				597AD1B9170B6C6500F278D4 /* settings@2x.png in Resources */,
				597AD1BA170B6C6500F278D4 /* video_selected@2x.png in Resources */,
				597AD1BB170B6C6500F278D4 /* video@2x.png in Resources */,
				597AD1C4170B6DA000F278D4 /* folder_selected.png in Resources */,
				597AD1C5170B6DA000F278D4 /* folder.png in Resources */,
				597AD1C6170B6DA000F278D4 /* settings_selected.png in Resources */,
				597AD1C7170B6DA000F278D4 /* settings.png in Resources */,
				597AD1C8170B6DA000F278D4 /* globe_selected.png in Resources */,
				597AD1C9170B6DA000F278D4 /* globe.png in Resources */,
				597AD1CA170B6DA000F278D4 /* video_selected.png in Resources */,
				597AD1CB170B6DA000F278D4 /* video.png in Resources */,
				597AD1D2170B894400F278D4 /* record_button.png in Resources */,
				597AD1D3170B894400F278D4 /* record_button@2x.png in Resources */,
				597AD1D4170B894400F278D4 /* uploadvideo.png in Resources */,
				597AD1D5170B894400F278D4 /* uploadvideo@2x.png in Resources */,
				597AD1D6170B894400F278D4 /* uploadphotos.png in Resources */,
				597AD1D7170B894400F278D4 /* uploadphotos@2x.png in Resources */,
				597AD1D9170B89CE00F278D4 /* Default-568h@2x.png in Resources */,
				59E5337C1713A67400EAE3F8 /* ELCAlbumPickerController.xib in Resources */,
				59E5337D1713A67400EAE3F8 /* ELCAssetPicker.xib in Resources */,
				59E5337E1713A67400EAE3F8 /* ELCAssetTablePicker.xib in Resources */,
				59E5337F1713A67400EAE3F8 /* Overlay.png in Resources */,
				59E533801713A67400EAE3F8 /* Overlay@2x.png in Resources */,
				597B1E251715CA9D005E430C /* processing_1.png in Resources */,
				597B1E261715CA9D005E430C /* processing_1@2x.png in Resources */,
				597B1E271715CA9D005E430C /* processing_2.png in Resources */,
				597B1E281715CA9D005E430C /* processing_2@2x.png in Resources */,
				597B1E291715CA9D005E430C /* processing_3.png in Resources */,
				597B1E2A1715CA9D005E430C /* processing_3@2x.png in Resources */,
				597B1E2B1715CA9D005E430C /* processing_4.png in Resources */,
				597B1E2C1715CA9D005E430C /* processing_4@2x.png in Resources */,
				597B1E2D1715CA9D005E430C /* processing_5.png in Resources */,
				597B1E2E1715CA9D005E430C /* processing_5@2x.png in Resources */,
				597B1E2F1715CA9D005E430C /* processing_6.png in Resources */,
				597B1E301715CA9D005E430C /* processing_6@2x.png in Resources */,
				597B1E311715CA9D005E430C /* processing_7.png in Resources */,
				597B1E321715CA9D005E430C /* processing_7@2x.png in Resources */,
				597B1E331715CA9D005E430C /* processing_8.png in Resources */,
				597B1E341715CA9D005E430C /* processing_8@2x.png in Resources */,
				597B1E4B1716392E005E430C /* eactracting_1.png in Resources */,
				597B1E4C1716392E005E430C /* extracting_1@2x.png in Resources */,
				597B1E4D1716392E005E430C /* extracting_2.png in Resources */,
				597B1E4E1716392E005E430C /* extracting_2@2x.png in Resources */,
				597B1E4F1716392E005E430C /* extracting_3.png in Resources */,
				597B1E501716392E005E430C /* extracting_3@2x.png in Resources */,
				597B1E511716392E005E430C /* extracting_4.png in Resources */,
				597B1E521716392E005E430C /* extracting_4@2x.png in Resources */,
				597B1E541716392E005E430C /* uploading_1.png in Resources */,
				597B1E551716392E005E430C /* uploading_1@2x.png in Resources */,
				597B1E561716392E005E430C /* uploading_2.png in Resources */,
				597B1E571716392E005E430C /* uploading_2@2x.png in Resources */,
				597B1E581716392E005E430C /* uploading_3.png in Resources */,
				597B1E591716392E005E430C /* uploading_3@2x.png in Resources */,
				597B1E5A1716392E005E430C /* uploading_4.png in Resources */,
				597B1E5B1716392E005E430C /* uploading_4@2x.png in Resources */,
				597B1E6717166F47005E430C /* array.png in Resources */,
				597B1E6817166F47005E430C /* array@2x.png in Resources */,
				597B1E6917166F47005E430C /* go.png in Resources */,
				597B1E6A17166F47005E430C /* go@2x.png in Resources */,
				597B1E6B17166F47005E430C /* text.png in Resources */,
				597B1E6C17166F47005E430C /* text@2x.png in Resources */,
				597B1E6D17166F47005E430C /* tag.png in Resources */,
				597B1E6E17166F47005E430C /* tag@2x.png in Resources */,
				597B1E6F17166F47005E430C /* cancel.png in Resources */,
				597B1E7017166F47005E430C /* cancel@2x.png in Resources */,
				59D0D17E1718B098000A14CB /* hyperlink.png in Resources */,
				59D0D17F1718B098000A14CB /* hyperlink@2x.png in Resources */,
				59D0D1801718B098000A14CB /* download.png in Resources */,
				59D0D1811718B098000A14CB /* download@2x.png in Resources */,
				59D0D1821718B098000A14CB /* share.png in Resources */,
				59D0D1831718B098000A14CB /* share@2x.png in Resources */,
				59D0D1841718B098000A14CB /* home.png in Resources */,
				59D0D1851718B098000A14CB /* home@2x.png in Resources */,
			);
			runOnlyForDeploymentPostprocessing = 0;
		};
/* End PBXResourcesBuildPhase section */

/* Begin PBXSourcesBuildPhase section */
		59CC95A516F1011500672ED8 /* Sources */ = {
			isa = PBXSourcesBuildPhase;
			buildActionMask = 2147483647;
			files = (
				59CC95B916F1011600672ED8 /* main.m in Sources */,
				59CC95BD16F1011600672ED8 /* SGAppDelegate.m in Sources */,
				59CC95C916F1011600672ED8 /* SGFirstViewController.m in Sources */,
				59CC95D016F1011700672ED8 /* SGSecondViewController.m in Sources */,
				0127518F16F7B46500A54AED /* SGThirdViewController.m in Sources */,
				592F304516FE4AD70019CBBE /* SGVideoFrameExtractor.m in Sources */,
				014CF30F1700DB3A007E8297 /* AFHTTPClient.m in Sources */,
				014CF3101700DB3A007E8297 /* AFHTTPRequestOperation.m in Sources */,
				014CF3111700DB3A007E8297 /* AFImageRequestOperation.m in Sources */,
				014CF3121700DB3A007E8297 /* AFJSONRequestOperation.m in Sources */,
				014CF3131700DB3A007E8297 /* AFNetworkActivityIndicatorManager.m in Sources */,
				014CF3141700DB3A007E8297 /* AFPropertyListRequestOperation.m in Sources */,
				014CF3151700DB3A007E8297 /* AFURLConnectionOperation.m in Sources */,
				014CF3161700DB3A007E8297 /* AFXMLRequestOperation.m in Sources */,
				014CF3171700DB3A007E8297 /* UIImageView+AFNetworking.m in Sources */,
				597AD17D170A343600F278D4 /* SGGifViewController.m in Sources */,
				598824FE170E895400046206 /* SGFourthViewController.m in Sources */,
				59E5336117138D2500EAE3F8 /* SGFrameEditController.m in Sources */,
				59E533771713A67400EAE3F8 /* ELCAlbumPickerController.m in Sources */,
				59E533781713A67400EAE3F8 /* ELCAsset.m in Sources */,
				59E533791713A67400EAE3F8 /* ELCAssetCell.m in Sources */,
				59E5337A1713A67400EAE3F8 /* ELCAssetTablePicker.m in Sources */,
				59E5337B1713A67400EAE3F8 /* ELCImagePickerController.m in Sources */,
				0127E7581713BBFB007BC301 /* SGUploader.m in Sources */,
				597B1E371715CF54005E430C /* SGProcessingView.m in Sources */,
			);
			runOnlyForDeploymentPostprocessing = 0;
		};
/* End PBXSourcesBuildPhase section */

/* Begin PBXVariantGroup section */
		59CC95B516F1011600672ED8 /* InfoPlist.strings */ = {
			isa = PBXVariantGroup;
			children = (
				59CC95B616F1011600672ED8 /* en */,
			);
			name = InfoPlist.strings;
			sourceTree = "<group>";
		};
		59CC95C416F1011600672ED8 /* MainStoryboard.storyboard */ = {
			isa = PBXVariantGroup;
			children = (
				59CC95C516F1011600672ED8 /* en */,
			);
			name = MainStoryboard.storyboard;
			sourceTree = "<group>";
		};
/* End PBXVariantGroup section */

/* Begin XCBuildConfiguration section */
		59CC95D516F1011700672ED8 /* Debug */ = {
			isa = XCBuildConfiguration;
			buildSettings = {
				ALWAYS_SEARCH_USER_PATHS = NO;
				CLANG_CXX_LANGUAGE_STANDARD = "gnu++0x";
				CLANG_CXX_LIBRARY = "libc++";
				CLANG_ENABLE_OBJC_ARC = YES;
				CLANG_WARN_CONSTANT_CONVERSION = YES;
				CLANG_WARN_EMPTY_BODY = YES;
				CLANG_WARN_ENUM_CONVERSION = YES;
				CLANG_WARN_INT_CONVERSION = YES;
				CLANG_WARN__DUPLICATE_METHOD_MATCH = YES;
				"CODE_SIGN_IDENTITY[sdk=iphoneos*]" = "iPhone Developer";
				COPY_PHASE_STRIP = NO;
				GCC_C_LANGUAGE_STANDARD = gnu99;
				GCC_DYNAMIC_NO_PIC = NO;
				GCC_OPTIMIZATION_LEVEL = 0;
				GCC_PREPROCESSOR_DEFINITIONS = (
					"DEBUG=1",
					"$(inherited)",
				);
				GCC_SYMBOLS_PRIVATE_EXTERN = NO;
				GCC_WARN_ABOUT_RETURN_TYPE = YES;
				GCC_WARN_UNINITIALIZED_AUTOS = YES;
				GCC_WARN_UNUSED_VARIABLE = YES;
				IPHONEOS_DEPLOYMENT_TARGET = 5.1;
				ONLY_ACTIVE_ARCH = YES;
				SDKROOT = iphoneos;
			};
			name = Debug;
		};
		59CC95D616F1011700672ED8 /* Release */ = {
			isa = XCBuildConfiguration;
			buildSettings = {
				ALWAYS_SEARCH_USER_PATHS = NO;
				CLANG_CXX_LANGUAGE_STANDARD = "gnu++0x";
				CLANG_CXX_LIBRARY = "libc++";
				CLANG_ENABLE_OBJC_ARC = YES;
				CLANG_WARN_CONSTANT_CONVERSION = YES;
				CLANG_WARN_EMPTY_BODY = YES;
				CLANG_WARN_ENUM_CONVERSION = YES;
				CLANG_WARN_INT_CONVERSION = YES;
				CLANG_WARN__DUPLICATE_METHOD_MATCH = YES;
				"CODE_SIGN_IDENTITY[sdk=iphoneos*]" = "iPhone Developer";
				COPY_PHASE_STRIP = YES;
				GCC_C_LANGUAGE_STANDARD = gnu99;
				GCC_WARN_ABOUT_RETURN_TYPE = YES;
				GCC_WARN_UNINITIALIZED_AUTOS = YES;
				GCC_WARN_UNUSED_VARIABLE = YES;
				IPHONEOS_DEPLOYMENT_TARGET = 5.1;
				OTHER_CFLAGS = "-DNS_BLOCK_ASSERTIONS=1";
				SDKROOT = iphoneos;
				VALIDATE_PRODUCT = YES;
			};
			name = Release;
		};
		59CC95D816F1011700672ED8 /* Debug */ = {
			isa = XCBuildConfiguration;
			buildSettings = {
				CODE_SIGN_IDENTITY = "iPhone Developer";
				GCC_PRECOMPILE_PREFIX_HEADER = YES;
				GCC_PREFIX_HEADER = "SwiftGif/SwiftGif-Prefix.pch";
				INFOPLIST_FILE = "SwiftGif/SwiftGif-Info.plist";
				IPHONEOS_DEPLOYMENT_TARGET = 5.0;
				PRODUCT_NAME = "$(TARGET_NAME)";
				PROVISIONING_PROFILE = "";
				WRAPPER_EXTENSION = app;
			};
			name = Debug;
		};
		59CC95D916F1011700672ED8 /* Release */ = {
			isa = XCBuildConfiguration;
			buildSettings = {
				GCC_PRECOMPILE_PREFIX_HEADER = YES;
				GCC_PREFIX_HEADER = "SwiftGif/SwiftGif-Prefix.pch";
				INFOPLIST_FILE = "SwiftGif/SwiftGif-Info.plist";
				IPHONEOS_DEPLOYMENT_TARGET = 5.0;
				PRODUCT_NAME = "$(TARGET_NAME)";
				WRAPPER_EXTENSION = app;
			};
			name = Release;
		};
/* End XCBuildConfiguration section */

/* Begin XCConfigurationList section */
		59CC95A416F1011500672ED8 /* Build configuration list for PBXProject "SwiftGif" */ = {
			isa = XCConfigurationList;
			buildConfigurations = (
				59CC95D516F1011700672ED8 /* Debug */,
				59CC95D616F1011700672ED8 /* Release */,
			);
			defaultConfigurationIsVisible = 0;
			defaultConfigurationName = Release;
		};
		59CC95D716F1011700672ED8 /* Build configuration list for PBXNativeTarget "SwiftGif" */ = {
			isa = XCConfigurationList;
			buildConfigurations = (
				59CC95D816F1011700672ED8 /* Debug */,
				59CC95D916F1011700672ED8 /* Release */,
			);
			defaultConfigurationIsVisible = 0;
			defaultConfigurationName = Release;
		};
/* End XCConfigurationList section */
	};
	rootObject = 59CC95A116F1011500672ED8 /* Project object */;
}
